
Microsoft Visual Studio Solution File, Format Version 12.00
# Visual Studio Version 16
VisualStudioVersion = 16.0.31025.194
MinimumVisualStudioVersion = 10.0.40219.1
Project("{FAE04EC0-301F-11D3-BF4B-00C04F79EFBC}") = "YoutubeDownload", "YoutubeDownload\YoutubeDownload.csproj", "{A50DA250-F084-467E-AD7D-7572F3D7DE5B}"
EndProject
Global
	GlobalSection(SolutionConfigurationPlatforms) = preSolution
		Debug|Any CPU = Debug|Any CPU
		Release|Any CPU = Release|Any CPU
	EndGlobalSection
	GlobalSection(ProjectConfigurationPlatforms) = postSolution
		{A50DA250-F084-467E-AD7D-7572F3D7DE5B}.Debug|Any CPU.ActiveCfg = Debug|Any CPU
		{A50DA250-F084-467E-AD7D-7572F3D7DE5B}.Debug|Any CPU.Build.0 = Debug|Any CPU
		{A50DA250-F084-467E-AD7D-7572F3D7DE5B}.Release|Any CPU.ActiveCfg = Release|Any CPU
		{A50DA250-F084-467E-AD7D-7572F3D7DE5B}.Release|Any CPU.Build.0 = Release|Any CPU
	EndGlobalSection
	GlobalSection(SolutionProperties) = preSolution
		HideSolutionNode = FALSE
	EndGlobalSection
	GlobalSection(ExtensibilityGlobals) = postSolution
		SolutionGuid = {897759D0-DA5B-43E9-A86F-408C26739F4C}
	EndGlobalSection
EndGlobal
